// !$*UTF8*$!
{
	archiveVersion = 1;
	classes = {
	};
	objectVersion = 50;
	objects = {

/* Begin PBXBuildFile section */
		2D18866D21AEF8CE009E4D87 /* Scope.h in Headers */ = {isa = PBXBuildFile; fileRef = 2D18866B21AEF8CE009E4D87 /* Scope.h */; settings = {ATTRIBUTES = (Public, ); }; };
		2DD20D6A21B2DA5000572863 /* Run.swift in Sources */ = {isa = PBXBuildFile; fileRef = 2DD20D6921B2DA5000572863 /* Run.swift */; };
		2DD20D6C21B2DB1E00572863 /* Let.swift in Sources */ = {isa = PBXBuildFile; fileRef = 2DD20D6B21B2DB1E00572863 /* Let.swift */; };
		2DD20D6E21B2DB4E00572863 /* With.swift in Sources */ = {isa = PBXBuildFile; fileRef = 2DD20D6D21B2DB4E00572863 /* With.swift */; };
		2DD20D7021B311F600572863 /* Also.swift in Sources */ = {isa = PBXBuildFile; fileRef = 2DD20D6F21B311F600572863 /* Also.swift */; };
		2DD20D7221B3128700572863 /* Apply.swift in Sources */ = {isa = PBXBuildFile; fileRef = 2DD20D7121B3128700572863 /* Apply.swift */; };
		2DD20D7621B3E24600572863 /* Scope.podspec in Resources */ = {isa = PBXBuildFile; fileRef = 2DD20D7521B3E24600572863 /* Scope.podspec */; };
		2DD20D7E21B3F7F600572863 /* ScopeTests.swift in Sources */ = {isa = PBXBuildFile; fileRef = 2DD20D7D21B3F7F600572863 /* ScopeTests.swift */; };
/* End PBXBuildFile section */

/* Begin PBXFileReference section */
		2D18866821AEF8CD009E4D87 /* Scope.framework */ = {isa = PBXFileReference; explicitFileType = wrapper.framework; includeInIndex = 0; path = Scope.framework; sourceTree = BUILT_PRODUCTS_DIR; };
		2D18866B21AEF8CE009E4D87 /* Scope.h */ = {isa = PBXFileReference; lastKnownFileType = sourcecode.c.h; path = Scope.h; sourceTree = "<group>"; };
		2D18866C21AEF8CE009E4D87 /* Info.plist */ = {isa = PBXFileReference; lastKnownFileType = text.plist.xml; path = Info.plist; sourceTree = "<group>"; };
		2DD20D6921B2DA5000572863 /* Run.swift */ = {isa = PBXFileReference; lastKnownFileType = sourcecode.swift; path = Run.swift; sourceTree = "<group>"; };
		2DD20D6B21B2DB1E00572863 /* Let.swift */ = {isa = PBXFileReference; lastKnownFileType = sourcecode.swift; path = Let.swift; sourceTree = "<group>"; };
		2DD20D6D21B2DB4E00572863 /* With.swift */ = {isa = PBXFileReference; lastKnownFileType = sourcecode.swift; path = With.swift; sourceTree = "<group>"; };
		2DD20D6F21B311F600572863 /* Also.swift */ = {isa = PBXFileReference; lastKnownFileType = sourcecode.swift; path = Also.swift; sourceTree = "<group>"; };
		2DD20D7121B3128700572863 /* Apply.swift */ = {isa = PBXFileReference; lastKnownFileType = sourcecode.swift; path = Apply.swift; sourceTree = "<group>"; };
		2DD20D7521B3E24600572863 /* Scope.podspec */ = {isa = PBXFileReference; fileEncoding = 4; lastKnownFileType = text; path = Scope.podspec; sourceTree = SOURCE_ROOT; };
		2DD20D7B21B3F7F600572863 /* ScopeTests.xctest */ = {isa = PBXFileReference; explicitFileType = wrapper.cfbundle; includeInIndex = 0; path = ScopeTests.xctest; sourceTree = BUILT_PRODUCTS_DIR; };
		2DD20D7D21B3F7F600572863 /* ScopeTests.swift */ = {isa = PBXFileReference; lastKnownFileType = sourcecode.swift; path = ScopeTests.swift; sourceTree = "<group>"; };
		2DD20D7F21B3F7F600572863 /* Info.plist */ = {isa = PBXFileReference; lastKnownFileType = text.plist.xml; path = Info.plist; sourceTree = "<group>"; };
/* End PBXFileReference section */

/* Begin PBXFrameworksBuildPhase section */
		2D18866521AEF8CD009E4D87 /* Frameworks */ = {
			isa = PBXFrameworksBuildPhase;
			buildActionMask = 2147483647;
			files = (
			);
			runOnlyForDeploymentPostprocessing = 0;
		};
		2DD20D7821B3F7F600572863 /* Frameworks */ = {
			isa = PBXFrameworksBuildPhase;
			buildActionMask = 2147483647;
			files = (
			);
			runOnlyForDeploymentPostprocessing = 0;
		};
/* End PBXFrameworksBuildPhase section */

/* Begin PBXGroup section */
		2D18865E21AEF8CD009E4D87 = {
			isa = PBXGroup;
			children = (
				2D18866A21AEF8CD009E4D87 /* Scope */,
				2DD20D7C21B3F7F600572863 /* ScopeTests */,
				2D18866921AEF8CD009E4D87 /* Products */,
			);
			indentWidth = 2;
			sourceTree = "<group>";
			tabWidth = 2;
		};
		2D18866921AEF8CD009E4D87 /* Products */ = {
			isa = PBXGroup;
			children = (
				2D18866821AEF8CD009E4D87 /* Scope.framework */,
				2DD20D7B21B3F7F600572863 /* ScopeTests.xctest */,
			);
			name = Products;
			sourceTree = "<group>";
		};
		2D18866A21AEF8CD009E4D87 /* Scope */ = {
			isa = PBXGroup;
			children = (
				2D18868921AEF966009E4D87 /* Classes */,
				2D18868A21AEF96C009E4D87 /* Supporting Files */,
			);
			path = Scope;
			sourceTree = "<group>";
		};
		2D18868921AEF966009E4D87 /* Classes */ = {
			isa = PBXGroup;
			children = (
				2DD20D6F21B311F600572863 /* Also.swift */,
				2DD20D7121B3128700572863 /* Apply.swift */,
				2DD20D6B21B2DB1E00572863 /* Let.swift */,
				2DD20D6921B2DA5000572863 /* Run.swift */,
				2DD20D6D21B2DB4E00572863 /* With.swift */,
			);
			path = Classes;
			sourceTree = "<group>";
		};
		2D18868A21AEF96C009E4D87 /* Supporting Files */ = {
			isa = PBXGroup;
			children = (
				2DD20D7521B3E24600572863 /* Scope.podspec */,
				2D18866B21AEF8CE009E4D87 /* Scope.h */,
				2D18866C21AEF8CE009E4D87 /* Info.plist */,
			);
			path = "Supporting Files";
			sourceTree = "<group>";
		};
		2DD20D7C21B3F7F600572863 /* ScopeTests */ = {
			isa = PBXGroup;
			children = (
				2DD20D7D21B3F7F600572863 /* ScopeTests.swift */,
				2DD20D7F21B3F7F600572863 /* Info.plist */,
			);
			path = ScopeTests;
			sourceTree = "<group>";
		};
/* End PBXGroup section */

/* Begin PBXHeadersBuildPhase section */
		2D18866321AEF8CD009E4D87 /* Headers */ = {
			isa = PBXHeadersBuildPhase;
			buildActionMask = 2147483647;
			files = (
				2D18866D21AEF8CE009E4D87 /* Scope.h in Headers */,
			);
			runOnlyForDeploymentPostprocessing = 0;
		};
/* End PBXHeadersBuildPhase section */

/* Begin PBXNativeTarget section */
		2D18866721AEF8CD009E4D87 /* Scope */ = {
			isa = PBXNativeTarget;
			buildConfigurationList = 2D18867021AEF8CE009E4D87 /* Build configuration list for PBXNativeTarget "Scope" */;
			buildPhases = (
				2D18866321AEF8CD009E4D87 /* Headers */,
				2D18866421AEF8CD009E4D87 /* Sources */,
				2D18866521AEF8CD009E4D87 /* Frameworks */,
				2D18866621AEF8CD009E4D87 /* Resources */,
			);
			buildRules = (
			);
			dependencies = (
			);
			name = Scope;
			productName = Scope;
			productReference = 2D18866821AEF8CD009E4D87 /* Scope.framework */;
			productType = "com.apple.product-type.framework";
		};
		2DD20D7A21B3F7F600572863 /* ScopeTests */ = {
			isa = PBXNativeTarget;
			buildConfigurationList = 2DD20D8021B3F7F600572863 /* Build configuration list for PBXNativeTarget "ScopeTests" */;
			buildPhases = (
				2DD20D7721B3F7F600572863 /* Sources */,
				2DD20D7821B3F7F600572863 /* Frameworks */,
				2DD20D7921B3F7F600572863 /* Resources */,
			);
			buildRules = (
			);
			dependencies = (
			);
			name = ScopeTests;
			productName = ScopeTests;
			productReference = 2DD20D7B21B3F7F600572863 /* ScopeTests.xctest */;
			productType = "com.apple.product-type.bundle.unit-test";
		};
/* End PBXNativeTarget section */

/* Begin PBXProject section */
		2D18865F21AEF8CD009E4D87 /* Project object */ = {
			isa = PBXProject;
			attributes = {
				LastSwiftUpdateCheck = 1010;
				LastUpgradeCheck = 1010;
				ORGANIZATIONNAME = happytiger;
				TargetAttributes = {
					2D18866721AEF8CD009E4D87 = {
						CreatedOnToolsVersion = 10.1;
						LastSwiftMigration = 1010;
					};
					2DD20D7A21B3F7F600572863 = {
						CreatedOnToolsVersion = 10.1;
					};
				};
			};
			buildConfigurationList = 2D18866221AEF8CD009E4D87 /* Build configuration list for PBXProject "Scope" */;
			compatibilityVersion = "Xcode 9.3";
			developmentRegion = en;
			hasScannedForEncodings = 0;
			knownRegions = (
				en,
				Base,
			);
			mainGroup = 2D18865E21AEF8CD009E4D87;
			productRefGroup = 2D18866921AEF8CD009E4D87 /* Products */;
			projectDirPath = "";
			projectRoot = "";
			targets = (
				2D18866721AEF8CD009E4D87 /* Scope */,
				2DD20D7A21B3F7F600572863 /* ScopeTests */,
			);
		};
/* End PBXProject section */

/* Begin PBXResourcesBuildPhase section */
		2D18866621AEF8CD009E4D87 /* Resources */ = {
			isa = PBXResourcesBuildPhase;
			buildActionMask = 2147483647;
			files = (
				2DD20D7621B3E24600572863 /* Scope.podspec in Resources */,
			);
			runOnlyForDeploymentPostprocessing = 0;
		};
		2DD20D7921B3F7F600572863 /* Resources */ = {
			isa = PBXResourcesBuildPhase;
			buildActionMask = 2147483647;
			files = (
			);
			runOnlyForDeploymentPostprocessing = 0;
		};
/* End PBXResourcesBuildPhase section */

/* Begin PBXSourcesBuildPhase section */
		2D18866421AEF8CD009E4D87 /* Sources */ = {
			isa = PBXSourcesBuildPhase;
			buildActionMask = 2147483647;
			files = (
				2DD20D7021B311F600572863 /* Also.swift in Sources */,
				2DD20D6C21B2DB1E00572863 /* Let.swift in Sources */,
				2DD20D6E21B2DB4E00572863 /* With.swift in Sources */,
				2DD20D7221B3128700572863 /* Apply.swift in Sources */,
				2DD20D6A21B2DA5000572863 /* Run.swift in Sources */,
			);
			runOnlyForDeploymentPostprocessing = 0;
		};
		2DD20D7721B3F7F600572863 /* Sources */ = {
			isa = PBXSourcesBuildPhase;
			buildActionMask = 2147483647;
			files = (
				2DD20D7E21B3F7F600572863 /* ScopeTests.swift in Sources */,
			);
			runOnlyForDeploymentPostprocessing = 0;
		};
/* End PBXSourcesBuildPhase section */

/* Begin XCBuildConfiguration section */
		2D18866E21AEF8CE009E4D87 /* Debug */ = {
			isa = XCBuildConfiguration;
			buildSettings = {
				ALWAYS_SEARCH_USER_PATHS = NO;
				CLANG_ANALYZER_NONNULL = YES;
				CLANG_ANALYZER_NUMBER_OBJECT_CONVERSION = YES_AGGRESSIVE;
				CLANG_CXX_LANGUAGE_STANDARD = "gnu++14";
				CLANG_CXX_LIBRARY = "libc++";
				CLANG_ENABLE_MODULES = YES;
				CLANG_ENABLE_OBJC_ARC = YES;
				CLANG_ENABLE_OBJC_WEAK = YES;
				CLANG_WARN_BLOCK_CAPTURE_AUTORELEASING = YES;
				CLANG_WARN_BOOL_CONVERSION = YES;
				CLANG_WARN_COMMA = YES;
				CLANG_WARN_CONSTANT_CONVERSION = YES;
				CLANG_WARN_DEPRECATED_OBJC_IMPLEMENTATIONS = YES;
				CLANG_WARN_DIRECT_OBJC_ISA_USAGE = YES_ERROR;
				CLANG_WARN_DOCUMENTATION_COMMENTS = YES;
				CLANG_WARN_EMPTY_BODY = YES;
				CLANG_WARN_ENUM_CONVERSION = YES;
				CLANG_WARN_INFINITE_RECURSION = YES;
				CLANG_WARN_INT_CONVERSION = YES;
				CLANG_WARN_NON_LITERAL_NULL_CONVERSION = YES;
				CLANG_WARN_OBJC_IMPLICIT_RETAIN_SELF = YES;
				CLANG_WARN_OBJC_LITERAL_CONVERSION = YES;
				CLANG_WARN_OBJC_ROOT_CLASS = YES_ERROR;
				CLANG_WARN_RANGE_LOOP_ANALYSIS = YES;
				CLANG_WARN_STRICT_PROTOTYPES = YES;
				CLANG_WARN_SUSPICIOUS_MOVE = YES;
				CLANG_WARN_UNGUARDED_AVAILABILITY = YES_AGGRESSIVE;
				CLANG_WARN_UNREACHABLE_CODE = YES;
				CLANG_WARN__DUPLICATE_METHOD_MATCH = YES;
				CODE_SIGN_IDENTITY = "iPhone Developer";
				COPY_PHASE_STRIP = NO;
				CURRENT_PROJECT_VERSION = 1;
				DEBUG_INFORMATION_FORMAT = dwarf;
				ENABLE_STRICT_OBJC_MSGSEND = YES;
				ENABLE_TESTABILITY = YES;
				GCC_C_LANGUAGE_STANDARD = gnu11;
				GCC_DYNAMIC_NO_PIC = NO;
				GCC_NO_COMMON_BLOCKS = YES;
				GCC_OPTIMIZATION_LEVEL = 0;
				GCC_PREPROCESSOR_DEFINITIONS = (
					"DEBUG=1",
					"$(inherited)",
				);
				GCC_WARN_64_TO_32_BIT_CONVERSION = YES;
				GCC_WARN_ABOUT_RETURN_TYPE = YES_ERROR;
				GCC_WARN_UNDECLARED_SELECTOR = YES;
				GCC_WARN_UNINITIALIZED_AUTOS = YES_AGGRESSIVE;
				GCC_WARN_UNUSED_FUNCTION = YES;
				GCC_WARN_UNUSED_VARIABLE = YES;
				IPHONEOS_DEPLOYMENT_TARGET = 8.0;
				MTL_ENABLE_DEBUG_INFO = INCLUDE_SOURCE;
				MTL_FAST_MATH = YES;
				ONLY_ACTIVE_ARCH = YES;
				SDKROOT = iphoneos;
				SWIFT_ACTIVE_COMPILATION_CONDITIONS = DEBUG;
				SWIFT_OPTIMIZATION_LEVEL = "-Onone";
				SWIFT_VERSION = "";
				VERSIONING_SYSTEM = "apple-generic";
				VERSION_INFO_PREFIX = "";
			};
			name = Debug;
		};
		2D18866F21AEF8CE009E4D87 /* Release */ = {
			isa = XCBuildConfiguration;
			buildSettings = {
				ALWAYS_SEARCH_USER_PATHS = NO;
				CLANG_ANALYZER_NONNULL = YES;
				CLANG_ANALYZER_NUMBER_OBJECT_CONVERSION = YES_AGGRESSIVE;
				CLANG_CXX_LANGUAGE_STANDARD = "gnu++14";
				CLANG_CXX_LIBRARY = "libc++";
				CLANG_ENABLE_MODULES = YES;
				CLANG_ENABLE_OBJC_ARC = YES;
				CLANG_ENABLE_OBJC_WEAK = YES;
				CLANG_WARN_BLOCK_CAPTURE_AUTORELEASING = YES;
				CLANG_WARN_BOOL_CONVERSION = YES;
				CLANG_WARN_COMMA = YES;
				CLANG_WARN_CONSTANT_CONVERSION = YES;
				CLANG_WARN_DEPRECATED_OBJC_IMPLEMENTATIONS = YES;
				CLANG_WARN_DIRECT_OBJC_ISA_USAGE = YES_ERROR;
				CLANG_WARN_DOCUMENTATION_COMMENTS = YES;
				CLANG_WARN_EMPTY_BODY = YES;
				CLANG_WARN_ENUM_CONVERSION = YES;
				CLANG_WARN_INFINITE_RECURSION = YES;
				CLANG_WARN_INT_CONVERSION = YES;
				CLANG_WARN_NON_LITERAL_NULL_CONVERSION = YES;
				CLANG_WARN_OBJC_IMPLICIT_RETAIN_SELF = YES;
				CLANG_WARN_OBJC_LITERAL_CONVERSION = YES;
				CLANG_WARN_OBJC_ROOT_CLASS = YES_ERROR;
				CLANG_WARN_RANGE_LOOP_ANALYSIS = YES;
				CLANG_WARN_STRICT_PROTOTYPES = YES;
				CLANG_WARN_SUSPICIOUS_MOVE = YES;
				CLANG_WARN_UNGUARDED_AVAILABILITY = YES_AGGRESSIVE;
				CLANG_WARN_UNREACHABLE_CODE = YES;
				CLANG_WARN__DUPLICATE_METHOD_MATCH = YES;
				CODE_SIGN_IDENTITY = "iPhone Developer";
				COPY_PHASE_STRIP = NO;
				CURRENT_PROJECT_VERSION = 1;
				DEBUG_INFORMATION_FORMAT = "dwarf-with-dsym";
				ENABLE_NS_ASSERTIONS = NO;
				ENABLE_STRICT_OBJC_MSGSEND = YES;
				GCC_C_LANGUAGE_STANDARD = gnu11;
				GCC_NO_COMMON_BLOCKS = YES;
				GCC_WARN_64_TO_32_BIT_CONVERSION = YES;
				GCC_WARN_ABOUT_RETURN_TYPE = YES_ERROR;
				GCC_WARN_UNDECLARED_SELECTOR = YES;
				GCC_WARN_UNINITIALIZED_AUTOS = YES_AGGRESSIVE;
				GCC_WARN_UNUSED_FUNCTION = YES;
				GCC_WARN_UNUSED_VARIABLE = YES;
				IPHONEOS_DEPLOYMENT_TARGET = 8.0;
				MTL_ENABLE_DEBUG_INFO = NO;
				MTL_FAST_MATH = YES;
				SDKROOT = iphoneos;
				SWIFT_COMPILATION_MODE = wholemodule;
				SWIFT_OPTIMIZATION_LEVEL = "-O";
				SWIFT_VERSION = "";
				VALIDATE_PRODUCT = YES;
				VERSIONING_SYSTEM = "apple-generic";
				VERSION_INFO_PREFIX = "";
			};
			name = Release;
		};
		2D18867121AEF8CE009E4D87 /* Debug */ = {
			isa = XCBuildConfiguration;
			buildSettings = {
				CLANG_ENABLE_MODULES = YES;
				CODE_SIGN_IDENTITY = "";
				CODE_SIGN_STYLE = Automatic;
				DEFINES_MODULE = YES;
				DEVELOPMENT_TEAM = 7KW522KWZF;
				DYLIB_COMPATIBILITY_VERSION = 1;
				DYLIB_CURRENT_VERSION = 1;
				DYLIB_INSTALL_NAME_BASE = "@rpath";
				INFOPLIST_FILE = "$(SRCROOT)/Scope/Supporting Files/Info.plist";
				INSTALL_PATH = "$(LOCAL_LIBRARY_DIR)/Frameworks";
				IPHONEOS_DEPLOYMENT_TARGET = 8.0;
				LD_RUNPATH_SEARCH_PATHS = (
					"$(inherited)",
					"@executable_path/Frameworks",
					"@loader_path/Frameworks",
				);
				PRODUCT_BUNDLE_IDENTIFIER = com.happytiger.scope;
				PRODUCT_NAME = "$(TARGET_NAME:c99extidentifier)";
				SKIP_INSTALL = YES;
				SWIFT_OPTIMIZATION_LEVEL = "-Onone";
				SWIFT_VERSION = 5.0;
				TARGETED_DEVICE_FAMILY = "1,2";
			};
			name = Debug;
		};
		2D18867221AEF8CE009E4D87 /* Release */ = {
			isa = XCBuildConfiguration;
			buildSettings = {
				CLANG_ENABLE_MODULES = YES;
				CODE_SIGN_IDENTITY = "";
				CODE_SIGN_STYLE = Automatic;
				DEFINES_MODULE = YES;
				DEVELOPMENT_TEAM = 7KW522KWZF;
				DYLIB_COMPATIBILITY_VERSION = 1;
				DYLIB_CURRENT_VERSION = 1;
				DYLIB_INSTALL_NAME_BASE = "@rpath";
				INFOPLIST_FILE = "$(SRCROOT)/Scope/Supporting Files/Info.plist";
				INSTALL_PATH = "$(LOCAL_LIBRARY_DIR)/Frameworks";
				IPHONEOS_DEPLOYMENT_TARGET = 8.0;
				LD_RUNPATH_SEARCH_PATHS = (
					"$(inherited)",
					"@executable_path/Frameworks",
					"@loader_path/Frameworks",
				);
				PRODUCT_BUNDLE_IDENTIFIER = com.happytiger.scope;
				PRODUCT_NAME = "$(TARGET_NAME:c99extidentifier)";
				SKIP_INSTALL = YES;
				SWIFT_VERSION = 5.0;
				TARGETED_DEVICE_FAMILY = "1,2";
			};
			name = Release;
		};
		2DD20D8121B3F7F600572863 /* Debug */ = {
			isa = XCBuildConfiguration;
			buildSettings = {
				CODE_SIGN_STYLE = Automatic;
				DEVELOPMENT_TEAM = 7KW522KWZF;
				INFOPLIST_FILE = ScopeTests/Info.plist;
				IPHONEOS_DEPLOYMENT_TARGET = 12.1;
				LD_RUNPATH_SEARCH_PATHS = (
					"$(inherited)",
					"@executable_path/Frameworks",
					"@loader_path/Frameworks",
				);
				PRODUCT_BUNDLE_IDENTIFIER = com.happytiger.ScopeTests;
				PRODUCT_NAME = "$(TARGET_NAME)";
				SWIFT_VERSION = 4.2;
				TARGETED_DEVICE_FAMILY = "1,2";
			};
			name = Debug;
		};
		2DD20D8221B3F7F600572863 /* Release */ = {
			isa = XCBuildConfiguration;
			buildSettings = {
				CODE_SIGN_STYLE = Automatic;
				DEVELOPMENT_TEAM = 7KW522KWZF;
				INFOPLIST_FILE = ScopeTests/Info.plist;
				IPHONEOS_DEPLOYMENT_TARGET = 12.1;
				LD_RUNPATH_SEARCH_PATHS = (
					"$(inherited)",
					"@executable_path/Frameworks",
					"@loader_path/Frameworks",
				);
				PRODUCT_BUNDLE_IDENTIFIER = com.happytiger.ScopeTests;
				PRODUCT_NAME = "$(TARGET_NAME)";
				SWIFT_VERSION = 4.2;
				TARGETED_DEVICE_FAMILY = "1,2";
			};
			name = Release;
		};
/* End XCBuildConfiguration section */

/* Begin XCConfigurationList section */
		2D18866221AEF8CD009E4D87 /* Build configuration list for PBXProject "Scope" */ = {
			isa = XCConfigurationList;
			buildConfigurations = (
				2D18866E21AEF8CE009E4D87 /* Debug */,
				2D18866F21AEF8CE009E4D87 /* Release */,
			);
			defaultConfigurationIsVisible = 0;
			defaultConfigurationName = Release;
		};
		2D18867021AEF8CE009E4D87 /* Build configuration list for PBXNativeTarget "Scope" */ = {
			isa = XCConfigurationList;
			buildConfigurations = (
				2D18867121AEF8CE009E4D87 /* Debug */,
				2D18867221AEF8CE009E4D87 /* Release */,
			);
			defaultConfigurationIsVisible = 0;
			defaultConfigurationName = Release;
		};
		2DD20D8021B3F7F600572863 /* Build configuration list for PBXNativeTarget "ScopeTests" */ = {
			isa = XCConfigurationList;
			buildConfigurations = (
				2DD20D8121B3F7F600572863 /* Debug */,
				2DD20D8221B3F7F600572863 /* Release */,
			);
			defaultConfigurationIsVisible = 0;
			defaultConfigurationName = Release;
		};
/* End XCConfigurationList section */
	};
	rootObject = 2D18865F21AEF8CD009E4D87 /* Project object */;
}
